<Solution>
  <Folder Name="/src/">
    <Project Path="src/mblue.test.csproj" />
  </Folder>
  <Project Path="../mblue-common/src/mblue.common.csproj" />
  <Project Path="../mblue-ecm/src/mblue.ecm/mblue.ecm.csproj" />
  <Project Path="../mblue-comm/src/mblue.comm.Interface/mblue.comm.Interface.csproj" />
</Solution>
